
Microsoft Visual Studio Solution File, Format Version 12.00
# Visual Studio Version 16
VisualStudioVersion = 16.0.30804.86
MinimumVisualStudioVersion = 10.0.40219.1
Project("{FAE04EC0-301F-11D3-BF4B-00C04F79EFBC}") = "SustavZaPreporukuMobitela", "SustavZaPreporukuMobitela\SustavZaPreporukuMobitela.csproj", "{76D772DA-DE4C-4747-9F51-798108A8F235}"
EndProject
Project("{9A19103F-16F7-4668-BE54-9A1E7A4F7556}") = "SustavZaPreporukuMobitelaML.Model", "SustavZaPreporukuMobitelaML.Model\SustavZaPreporukuMobitelaML.Model.csproj", "{2A626FFA-8DE5-4465-AB78-162216CA0904}"
EndProject
Project("{9A19103F-16F7-4668-BE54-9A1E7A4F7556}") = "SustavZaPreporukuMobitelaML.ConsoleApp", "SustavZaPreporukuMobitelaML.ConsoleApp\SustavZaPreporukuMobitelaML.ConsoleApp.csproj", "{C5699938-ACB7-4D63-B1E0-3072D9319DBA}"
EndProject
Global
	GlobalSection(SolutionConfigurationPlatforms) = preSolution
		Debug|Any CPU = Debug|Any CPU
		Release|Any CPU = Release|Any CPU
	EndGlobalSection
	GlobalSection(ProjectConfigurationPlatforms) = postSolution
		{76D772DA-DE4C-4747-9F51-798108A8F235}.Debug|Any CPU.ActiveCfg = Debug|Any CPU
		{76D772DA-DE4C-4747-9F51-798108A8F235}.Debug|Any CPU.Build.0 = Debug|Any CPU
		{76D772DA-DE4C-4747-9F51-798108A8F235}.Release|Any CPU.ActiveCfg = Release|Any CPU
		{76D772DA-DE4C-4747-9F51-798108A8F235}.Release|Any CPU.Build.0 = Release|Any CPU
		{2A626FFA-8DE5-4465-AB78-162216CA0904}.Debug|Any CPU.ActiveCfg = Debug|Any CPU
		{2A626FFA-8DE5-4465-AB78-162216CA0904}.Debug|Any CPU.Build.0 = Debug|Any CPU
		{2A626FFA-8DE5-4465-AB78-162216CA0904}.Release|Any CPU.ActiveCfg = Release|Any CPU
		{2A626FFA-8DE5-4465-AB78-162216CA0904}.Release|Any CPU.Build.0 = Release|Any CPU
		{C5699938-ACB7-4D63-B1E0-3072D9319DBA}.Debug|Any CPU.ActiveCfg = Debug|Any CPU
		{C5699938-ACB7-4D63-B1E0-3072D9319DBA}.Debug|Any CPU.Build.0 = Debug|Any CPU
		{C5699938-ACB7-4D63-B1E0-3072D9319DBA}.Release|Any CPU.ActiveCfg = Release|Any CPU
		{C5699938-ACB7-4D63-B1E0-3072D9319DBA}.Release|Any CPU.Build.0 = Release|Any CPU
	EndGlobalSection
	GlobalSection(SolutionProperties) = preSolution
		HideSolutionNode = FALSE
	EndGlobalSection
	GlobalSection(ExtensibilityGlobals) = postSolution
		SolutionGuid = {DF6A8FF1-26D8-4058-8140-B2AC4ADFC76A}
	EndGlobalSection
EndGlobal
